// !$*UTF8*$!
{
	archiveVersion = 1;
	classes = {
	};
	objectVersion = 56;
	objects = {

/* Begin PBXBuildFile section */
		85821E6929C36E3C0095B42E /* swiftuicameraexampleApp.swift in Sources */ = {isa = PBXBuildFile; fileRef = 85821E6829C36E3C0095B42E /* swiftuicameraexampleApp.swift */; };
		85821E6B29C36E3C0095B42E /* ContentView.swift in Sources */ = {isa = PBXBuildFile; fileRef = 85821E6A29C36E3C0095B42E /* ContentView.swift */; };
		85821E6D29C36E3D0095B42E /* Assets.xcassets in Resources */ = {isa = PBXBuildFile; fileRef = 85821E6C29C36E3D0095B42E /* Assets.xcassets */; };
		85821E7029C36E3D0095B42E /* Preview Assets.xcassets in Resources */ = {isa = PBXBuildFile; fileRef = 85821E6F29C36E3D0095B42E /* Preview Assets.xcassets */; };
		85821E7A29C36E3D0095B42E /* swiftuicameraexampleTests.swift in Sources */ = {isa = PBXBuildFile; fileRef = 85821E7929C36E3D0095B42E /* swiftuicameraexampleTests.swift */; };
		85821E8429C36E3D0095B42E /* swiftuicameraexampleUITests.swift in Sources */ = {isa = PBXBuildFile; fileRef = 85821E8329C36E3D0095B42E /* swiftuicameraexampleUITests.swift */; };
		85821E8629C36E3D0095B42E /* swiftuicameraexampleUITestsLaunchTests.swift in Sources */ = {isa = PBXBuildFile; fileRef = 85821E8529C36E3D0095B42E /* swiftuicameraexampleUITestsLaunchTests.swift */; };
		85821E9329C370430095B42E /* ImagePickerView.swift in Sources */ = {isa = PBXBuildFile; fileRef = 85821E9229C370430095B42E /* ImagePickerView.swift */; };
/* End PBXBuildFile section */

/* Begin PBXContainerItemProxy section */
		85821E7629C36E3D0095B42E /* PBXContainerItemProxy */ = {
			isa = PBXContainerItemProxy;
			containerPortal = 85821E5D29C36E3C0095B42E /* Project object */;
			proxyType = 1;
			remoteGlobalIDString = 85821E6429C36E3C0095B42E;
			remoteInfo = swiftuicameraexample;
		};
		85821E8029C36E3D0095B42E /* PBXContainerItemProxy */ = {
			isa = PBXContainerItemProxy;
			containerPortal = 85821E5D29C36E3C0095B42E /* Project object */;
			proxyType = 1;
			remoteGlobalIDString = 85821E6429C36E3C0095B42E;
			remoteInfo = swiftuicameraexample;
		};
/* End PBXContainerItemProxy section */

/* Begin PBXFileReference section */
		85821E6529C36E3C0095B42E /* swiftuicameraexample.app */ = {isa = PBXFileReference; explicitFileType = wrapper.application; includeInIndex = 0; path = swiftuicameraexample.app; sourceTree = BUILT_PRODUCTS_DIR; };
		85821E6829C36E3C0095B42E /* swiftuicameraexampleApp.swift */ = {isa = PBXFileReference; lastKnownFileType = sourcecode.swift; path = swiftuicameraexampleApp.swift; sourceTree = "<group>"; };
		85821E6A29C36E3C0095B42E /* ContentView.swift */ = {isa = PBXFileReference; lastKnownFileType = sourcecode.swift; path = ContentView.swift; sourceTree = "<group>"; };
		85821E6C29C36E3D0095B42E /* Assets.xcassets */ = {isa = PBXFileReference; lastKnownFileType = folder.assetcatalog; path = Assets.xcassets; sourceTree = "<group>"; };
		85821E6F29C36E3D0095B42E /* Preview Assets.xcassets */ = {isa = PBXFileReference; lastKnownFileType = folder.assetcatalog; path = "Preview Assets.xcassets"; sourceTree = "<group>"; };
		85821E7529C36E3D0095B42E /* swiftuicameraexampleTests.xctest */ = {isa = PBXFileReference; explicitFileType = wrapper.cfbundle; includeInIndex = 0; path = swiftuicameraexampleTests.xctest; sourceTree = BUILT_PRODUCTS_DIR; };
		85821E7929C36E3D0095B42E /* swiftuicameraexampleTests.swift */ = {isa = PBXFileReference; lastKnownFileType = sourcecode.swift; path = swiftuicameraexampleTests.swift; sourceTree = "<group>"; };
		85821E7F29C36E3D0095B42E /* swiftuicameraexampleUITests.xctest */ = {isa = PBXFileReference; explicitFileType = wrapper.cfbundle; includeInIndex = 0; path = swiftuicameraexampleUITests.xctest; sourceTree = BUILT_PRODUCTS_DIR; };
		85821E8329C36E3D0095B42E /* swiftuicameraexampleUITests.swift */ = {isa = PBXFileReference; lastKnownFileType = sourcecode.swift; path = swiftuicameraexampleUITests.swift; sourceTree = "<group>"; };
		85821E8529C36E3D0095B42E /* swiftuicameraexampleUITestsLaunchTests.swift */ = {isa = PBXFileReference; lastKnownFileType = sourcecode.swift; path = swiftuicameraexampleUITestsLaunchTests.swift; sourceTree = "<group>"; };
		85821E9229C370430095B42E /* ImagePickerView.swift */ = {isa = PBXFileReference; lastKnownFileType = sourcecode.swift; path = ImagePickerView.swift; sourceTree = "<group>"; };
/* End PBXFileReference section */

/* Begin PBXFrameworksBuildPhase section */
		85821E6229C36E3C0095B42E /* Frameworks */ = {
			isa = PBXFrameworksBuildPhase;
			buildActionMask = 2147483647;
			files = (
			);
			runOnlyForDeploymentPostprocessing = 0;
		};
		85821E7229C36E3D0095B42E /* Frameworks */ = {
			isa = PBXFrameworksBuildPhase;
			buildActionMask = 2147483647;
			files = (
			);
			runOnlyForDeploymentPostprocessing = 0;
		};
		85821E7C29C36E3D0095B42E /* Frameworks */ = {
			isa = PBXFrameworksBuildPhase;
			buildActionMask = 2147483647;
			files = (
			);
			runOnlyForDeploymentPostprocessing = 0;
		};
/* End PBXFrameworksBuildPhase section */

/* Begin PBXGroup section */
		85821E5C29C36E3C0095B42E = {
			isa = PBXGroup;
			children = (
				85821E6729C36E3C0095B42E /* swiftuicameraexample */,
				85821E7829C36E3D0095B42E /* swiftuicameraexampleTests */,
				85821E8229C36E3D0095B42E /* swiftuicameraexampleUITests */,
				85821E6629C36E3C0095B42E /* Products */,
			);
			sourceTree = "<group>";
		};
		85821E6629C36E3C0095B42E /* Products */ = {
			isa = PBXGroup;
			children = (
				85821E6529C36E3C0095B42E /* swiftuicameraexample.app */,
				85821E7529C36E3D0095B42E /* swiftuicameraexampleTests.xctest */,
				85821E7F29C36E3D0095B42E /* swiftuicameraexampleUITests.xctest */,
			);
			name = Products;
			sourceTree = "<group>";
		};
		85821E6729C36E3C0095B42E /* swiftuicameraexample */ = {
			isa = PBXGroup;
			children = (
				85821E6829C36E3C0095B42E /* swiftuicameraexampleApp.swift */,
				85821E6A29C36E3C0095B42E /* ContentView.swift */,
				85821E9229C370430095B42E /* ImagePickerView.swift */,
				85821E6C29C36E3D0095B42E /* Assets.xcassets */,
				85821E6E29C36E3D0095B42E /* Preview Content */,
			);
			path = swiftuicameraexample;
			sourceTree = "<group>";
		};
		85821E6E29C36E3D0095B42E /* Preview Content */ = {
			isa = PBXGroup;
			children = (
				85821E6F29C36E3D0095B42E /* Preview Assets.xcassets */,
			);
			path = "Preview Content";
			sourceTree = "<group>";
		};
		85821E7829C36E3D0095B42E /* swiftuicameraexampleTests */ = {
			isa = PBXGroup;
			children = (
				85821E7929C36E3D0095B42E /* swiftuicameraexampleTests.swift */,
			);
			path = swiftuicameraexampleTests;
			sourceTree = "<group>";
		};
		85821E8229C36E3D0095B42E /* swiftuicameraexampleUITests */ = {
			isa = PBXGroup;
			children = (
				85821E8329C36E3D0095B42E /* swiftuicameraexampleUITests.swift */,
				85821E8529C36E3D0095B42E /* swiftuicameraexampleUITestsLaunchTests.swift */,
			);
			path = swiftuicameraexampleUITests;
			sourceTree = "<group>";
		};
/* End PBXGroup section */

/* Begin PBXNativeTarget section */
		85821E6429C36E3C0095B42E /* swiftuicameraexample */ = {
			isa = PBXNativeTarget;
			buildConfigurationList = 85821E8929C36E3D0095B42E /* Build configuration list for PBXNativeTarget "swiftuicameraexample" */;
			buildPhases = (
				85821E6129C36E3C0095B42E /* Sources */,
				85821E6229C36E3C0095B42E /* Frameworks */,
				85821E6329C36E3C0095B42E /* Resources */,
			);
			buildRules = (
			);
			dependencies = (
			);
			name = swiftuicameraexample;
			productName = swiftuicameraexample;
			productReference = 85821E6529C36E3C0095B42E /* swiftuicameraexample.app */;
			productType = "com.apple.product-type.application";
		};
		85821E7429C36E3D0095B42E /* swiftuicameraexampleTests */ = {
			isa = PBXNativeTarget;
			buildConfigurationList = 85821E8C29C36E3D0095B42E /* Build configuration list for PBXNativeTarget "swiftuicameraexampleTests" */;
			buildPhases = (
				85821E7129C36E3D0095B42E /* Sources */,
				85821E7229C36E3D0095B42E /* Frameworks */,
				85821E7329C36E3D0095B42E /* Resources */,
			);
			buildRules = (
			);
			dependencies = (
				85821E7729C36E3D0095B42E /* PBXTargetDependency */,
			);
			name = swiftuicameraexampleTests;
			productName = swiftuicameraexampleTests;
			productReference = 85821E7529C36E3D0095B42E /* swiftuicameraexampleTests.xctest */;
			productType = "com.apple.product-type.bundle.unit-test";
		};
		85821E7E29C36E3D0095B42E /* swiftuicameraexampleUITests */ = {
			isa = PBXNativeTarget;
			buildConfigurationList = 85821E8F29C36E3D0095B42E /* Build configuration list for PBXNativeTarget "swiftuicameraexampleUITests" */;
			buildPhases = (
				85821E7B29C36E3D0095B42E /* Sources */,
				85821E7C29C36E3D0095B42E /* Frameworks */,
				85821E7D29C36E3D0095B42E /* Resources */,
			);
			buildRules = (
			);
			dependencies = (
				85821E8129C36E3D0095B42E /* PBXTargetDependency */,
			);
			name = swiftuicameraexampleUITests;
			productName = swiftuicameraexampleUITests;
			productReference = 85821E7F29C36E3D0095B42E /* swiftuicameraexampleUITests.xctest */;
			productType = "com.apple.product-type.bundle.ui-testing";
		};
/* End PBXNativeTarget section */

/* Begin PBXProject section */
		85821E5D29C36E3C0095B42E /* Project object */ = {
			isa = PBXProject;
			attributes = {
				BuildIndependentTargetsInParallel = 1;
				LastSwiftUpdateCheck = 1420;
				LastUpgradeCheck = 1420;
				TargetAttributes = {
					85821E6429C36E3C0095B42E = {
						CreatedOnToolsVersion = 14.2;
					};
					85821E7429C36E3D0095B42E = {
						CreatedOnToolsVersion = 14.2;
						TestTargetID = 85821E6429C36E3C0095B42E;
					};
					85821E7E29C36E3D0095B42E = {
						CreatedOnToolsVersion = 14.2;
						TestTargetID = 85821E6429C36E3C0095B42E;
					};
				};
			};
			buildConfigurationList = 85821E6029C36E3C0095B42E /* Build configuration list for PBXProject "swiftuicameraexample" */;
			compatibilityVersion = "Xcode 14.0";
			developmentRegion = en;
			hasScannedForEncodings = 0;
			knownRegions = (
				en,
				Base,
			);
			mainGroup = 85821E5C29C36E3C0095B42E;
			productRefGroup = 85821E6629C36E3C0095B42E /* Products */;
			projectDirPath = "";
			projectRoot = "";
			targets = (
				85821E6429C36E3C0095B42E /* swiftuicameraexample */,
				85821E7429C36E3D0095B42E /* swiftuicameraexampleTests */,
				85821E7E29C36E3D0095B42E /* swiftuicameraexampleUITests */,
			);
		};
/* End PBXProject section */

/* Begin PBXResourcesBuildPhase section */
		85821E6329C36E3C0095B42E /* Resources */ = {
			isa = PBXResourcesBuildPhase;
			buildActionMask = 2147483647;
			files = (
				85821E7029C36E3D0095B42E /* Preview Assets.xcassets in Resources */,
				85821E6D29C36E3D0095B42E /* Assets.xcassets in Resources */,
			);
			runOnlyForDeploymentPostprocessing = 0;
		};
		85821E7329C36E3D0095B42E /* Resources */ = {
			isa = PBXResourcesBuildPhase;
			buildActionMask = 2147483647;
			files = (
			);
			runOnlyForDeploymentPostprocessing = 0;
		};
		85821E7D29C36E3D0095B42E /* Resources */ = {
			isa = PBXResourcesBuildPhase;
			buildActionMask = 2147483647;
			files = (
			);
			runOnlyForDeploymentPostprocessing = 0;
		};
/* End PBXResourcesBuildPhase section */

/* Begin PBXSourcesBuildPhase section */
		85821E6129C36E3C0095B42E /* Sources */ = {
			isa = PBXSourcesBuildPhase;
			buildActionMask = 2147483647;
			files = (
				85821E6B29C36E3C0095B42E /* ContentView.swift in Sources */,
				85821E9329C370430095B42E /* ImagePickerView.swift in Sources */,
				85821E6929C36E3C0095B42E /* swiftuicameraexampleApp.swift in Sources */,
			);
			runOnlyForDeploymentPostprocessing = 0;
		};
		85821E7129C36E3D0095B42E /* Sources */ = {
			isa = PBXSourcesBuildPhase;
			buildActionMask = 2147483647;
			files = (
				85821E7A29C36E3D0095B42E /* swiftuicameraexampleTests.swift in Sources */,
			);
			runOnlyForDeploymentPostprocessing = 0;
		};
		85821E7B29C36E3D0095B42E /* Sources */ = {
			isa = PBXSourcesBuildPhase;
			buildActionMask = 2147483647;
			files = (
				85821E8629C36E3D0095B42E /* swiftuicameraexampleUITestsLaunchTests.swift in Sources */,
				85821E8429C36E3D0095B42E /* swiftuicameraexampleUITests.swift in Sources */,
			);
			runOnlyForDeploymentPostprocessing = 0;
		};
/* End PBXSourcesBuildPhase section */

/* Begin PBXTargetDependency section */
		85821E7729C36E3D0095B42E /* PBXTargetDependency */ = {
			isa = PBXTargetDependency;
			target = 85821E6429C36E3C0095B42E /* swiftuicameraexample */;
			targetProxy = 85821E7629C36E3D0095B42E /* PBXContainerItemProxy */;
		};
		85821E8129C36E3D0095B42E /* PBXTargetDependency */ = {
			isa = PBXTargetDependency;
			target = 85821E6429C36E3C0095B42E /* swiftuicameraexample */;
			targetProxy = 85821E8029C36E3D0095B42E /* PBXContainerItemProxy */;
		};
/* End PBXTargetDependency section */

/* Begin XCBuildConfiguration section */
		85821E8729C36E3D0095B42E /* Debug */ = {
			isa = XCBuildConfiguration;
			buildSettings = {
				ALWAYS_SEARCH_USER_PATHS = NO;
				CLANG_ANALYZER_NONNULL = YES;
				CLANG_ANALYZER_NUMBER_OBJECT_CONVERSION = YES_AGGRESSIVE;
				CLANG_CXX_LANGUAGE_STANDARD = "gnu++20";
				CLANG_ENABLE_MODULES = YES;
				CLANG_ENABLE_OBJC_ARC = YES;
				CLANG_ENABLE_OBJC_WEAK = YES;
				CLANG_WARN_BLOCK_CAPTURE_AUTORELEASING = YES;
				CLANG_WARN_BOOL_CONVERSION = YES;
				CLANG_WARN_COMMA = YES;
				CLANG_WARN_CONSTANT_CONVERSION = YES;
				CLANG_WARN_DEPRECATED_OBJC_IMPLEMENTATIONS = YES;
				CLANG_WARN_DIRECT_OBJC_ISA_USAGE = YES_ERROR;
				CLANG_WARN_DOCUMENTATION_COMMENTS = YES;
				CLANG_WARN_EMPTY_BODY = YES;
				CLANG_WARN_ENUM_CONVERSION = YES;
				CLANG_WARN_INFINITE_RECURSION = YES;
				CLANG_WARN_INT_CONVERSION = YES;
				CLANG_WARN_NON_LITERAL_NULL_CONVERSION = YES;
				CLANG_WARN_OBJC_IMPLICIT_RETAIN_SELF = YES;
				CLANG_WARN_OBJC_LITERAL_CONVERSION = YES;
				CLANG_WARN_OBJC_ROOT_CLASS = YES_ERROR;
				CLANG_WARN_QUOTED_INCLUDE_IN_FRAMEWORK_HEADER = YES;
				CLANG_WARN_RANGE_LOOP_ANALYSIS = YES;
				CLANG_WARN_STRICT_PROTOTYPES = YES;
				CLANG_WARN_SUSPICIOUS_MOVE = YES;
				CLANG_WARN_UNGUARDED_AVAILABILITY = YES_AGGRESSIVE;
				CLANG_WARN_UNREACHABLE_CODE = YES;
				CLANG_WARN__DUPLICATE_METHOD_MATCH = YES;
				COPY_PHASE_STRIP = NO;
				DEBUG_INFORMATION_FORMAT = dwarf;
				ENABLE_STRICT_OBJC_MSGSEND = YES;
				ENABLE_TESTABILITY = YES;
				GCC_C_LANGUAGE_STANDARD = gnu11;
				GCC_DYNAMIC_NO_PIC = NO;
				GCC_NO_COMMON_BLOCKS = YES;
				GCC_OPTIMIZATION_LEVEL = 0;
				GCC_PREPROCESSOR_DEFINITIONS = (
					"DEBUG=1",
					"$(inherited)",
				);
				GCC_WARN_64_TO_32_BIT_CONVERSION = YES;
				GCC_WARN_ABOUT_RETURN_TYPE = YES_ERROR;
				GCC_WARN_UNDECLARED_SELECTOR = YES;
				GCC_WARN_UNINITIALIZED_AUTOS = YES_AGGRESSIVE;
				GCC_WARN_UNUSED_FUNCTION = YES;
				GCC_WARN_UNUSED_VARIABLE = YES;
				IPHONEOS_DEPLOYMENT_TARGET = 16.2;
				MTL_ENABLE_DEBUG_INFO = INCLUDE_SOURCE;
				MTL_FAST_MATH = YES;
				ONLY_ACTIVE_ARCH = YES;
				SDKROOT = iphoneos;
				SWIFT_ACTIVE_COMPILATION_CONDITIONS = DEBUG;
				SWIFT_OPTIMIZATION_LEVEL = "-Onone";
			};
			name = Debug;
		};
		85821E8829C36E3D0095B42E /* Release */ = {
			isa = XCBuildConfiguration;
			buildSettings = {
				ALWAYS_SEARCH_USER_PATHS = NO;
				CLANG_ANALYZER_NONNULL = YES;
				CLANG_ANALYZER_NUMBER_OBJECT_CONVERSION = YES_AGGRESSIVE;
				CLANG_CXX_LANGUAGE_STANDARD = "gnu++20";
				CLANG_ENABLE_MODULES = YES;
				CLANG_ENABLE_OBJC_ARC = YES;
				CLANG_ENABLE_OBJC_WEAK = YES;
				CLANG_WARN_BLOCK_CAPTURE_AUTORELEASING = YES;
				CLANG_WARN_BOOL_CONVERSION = YES;
				CLANG_WARN_COMMA = YES;
				CLANG_WARN_CONSTANT_CONVERSION = YES;
				CLANG_WARN_DEPRECATED_OBJC_IMPLEMENTATIONS = YES;
				CLANG_WARN_DIRECT_OBJC_ISA_USAGE = YES_ERROR;
				CLANG_WARN_DOCUMENTATION_COMMENTS = YES;
				CLANG_WARN_EMPTY_BODY = YES;
				CLANG_WARN_ENUM_CONVERSION = YES;
				CLANG_WARN_INFINITE_RECURSION = YES;
				CLANG_WARN_INT_CONVERSION = YES;
				CLANG_WARN_NON_LITERAL_NULL_CONVERSION = YES;
				CLANG_WARN_OBJC_IMPLICIT_RETAIN_SELF = YES;
				CLANG_WARN_OBJC_LITERAL_CONVERSION = YES;
				CLANG_WARN_OBJC_ROOT_CLASS = YES_ERROR;
				CLANG_WARN_QUOTED_INCLUDE_IN_FRAMEWORK_HEADER = YES;
				CLANG_WARN_RANGE_LOOP_ANALYSIS = YES;
				CLANG_WARN_STRICT_PROTOTYPES = YES;
				CLANG_WARN_SUSPICIOUS_MOVE = YES;
				CLANG_WARN_UNGUARDED_AVAILABILITY = YES_AGGRESSIVE;
				CLANG_WARN_UNREACHABLE_CODE = YES;
				CLANG_WARN__DUPLICATE_METHOD_MATCH = YES;
				COPY_PHASE_STRIP = NO;
				DEBUG_INFORMATION_FORMAT = "dwarf-with-dsym";
				ENABLE_NS_ASSERTIONS = NO;
				ENABLE_STRICT_OBJC_MSGSEND = YES;
				GCC_C_LANGUAGE_STANDARD = gnu11;
				GCC_NO_COMMON_BLOCKS = YES;
				GCC_WARN_64_TO_32_BIT_CONVERSION = YES;
				GCC_WARN_ABOUT_RETURN_TYPE = YES_ERROR;
				GCC_WARN_UNDECLARED_SELECTOR = YES;
				GCC_WARN_UNINITIALIZED_AUTOS = YES_AGGRESSIVE;
				GCC_WARN_UNUSED_FUNCTION = YES;
				GCC_WARN_UNUSED_VARIABLE = YES;
				IPHONEOS_DEPLOYMENT_TARGET = 16.2;
				MTL_ENABLE_DEBUG_INFO = NO;
				MTL_FAST_MATH = YES;
				SDKROOT = iphoneos;
				SWIFT_COMPILATION_MODE = wholemodule;
				SWIFT_OPTIMIZATION_LEVEL = "-O";
				VALIDATE_PRODUCT = YES;
			};
			name = Release;
		};
		85821E8A29C36E3D0095B42E /* Debug */ = {
			isa = XCBuildConfiguration;
			buildSettings = {
				ASSETCATALOG_COMPILER_APPICON_NAME = AppIcon;
				ASSETCATALOG_COMPILER_GLOBAL_ACCENT_COLOR_NAME = AccentColor;
				CODE_SIGN_STYLE = Automatic;
				CURRENT_PROJECT_VERSION = 1;
				DEVELOPMENT_ASSET_PATHS = "\"swiftuicameraexample/Preview Content\"";
				ENABLE_PREVIEWS = YES;
				GENERATE_INFOPLIST_FILE = YES;
				INFOPLIST_KEY_UIApplicationSceneManifest_Generation = YES;
				INFOPLIST_KEY_UIApplicationSupportsIndirectInputEvents = YES;
				INFOPLIST_KEY_UILaunchScreen_Generation = YES;
				INFOPLIST_KEY_UISupportedInterfaceOrientations_iPad = "UIInterfaceOrientationPortrait UIInterfaceOrientationPortraitUpsideDown UIInterfaceOrientationLandscapeLeft UIInterfaceOrientationLandscapeRight";
				INFOPLIST_KEY_UISupportedInterfaceOrientations_iPhone = "UIInterfaceOrientationPortrait UIInterfaceOrientationLandscapeLeft UIInterfaceOrientationLandscapeRight";
				LD_RUNPATH_SEARCH_PATHS = (
					"$(inherited)",
					"@executable_path/Frameworks",
				);
				MARKETING_VERSION = 1.0;
				PRODUCT_BUNDLE_IDENTIFIER = xrds.swiftuicameraexample;
				PRODUCT_NAME = "$(TARGET_NAME)";
				SWIFT_EMIT_LOC_STRINGS = YES;
				SWIFT_VERSION = 5.0;
				TARGETED_DEVICE_FAMILY = "1,2";
			};
			name = Debug;
		};
		85821E8B29C36E3D0095B42E /* Release */ = {
			isa = XCBuildConfiguration;
			buildSettings = {
				ASSETCATALOG_COMPILER_APPICON_NAME = AppIcon;
				ASSETCATALOG_COMPILER_GLOBAL_ACCENT_COLOR_NAME = AccentColor;
				CODE_SIGN_STYLE = Automatic;
				CURRENT_PROJECT_VERSION = 1;
				DEVELOPMENT_ASSET_PATHS = "\"swiftuicameraexample/Preview Content\"";
				ENABLE_PREVIEWS = YES;
				GENERATE_INFOPLIST_FILE = YES;
				INFOPLIST_KEY_UIApplicationSceneManifest_Generation = YES;
				INFOPLIST_KEY_UIApplicationSupportsIndirectInputEvents = YES;
				INFOPLIST_KEY_UILaunchScreen_Generation = YES;
				INFOPLIST_KEY_UISupportedInterfaceOrientations_iPad = "UIInterfaceOrientationPortrait UIInterfaceOrientationPortraitUpsideDown UIInterfaceOrientationLandscapeLeft UIInterfaceOrientationLandscapeRight";
				INFOPLIST_KEY_UISupportedInterfaceOrientations_iPhone = "UIInterfaceOrientationPortrait UIInterfaceOrientationLandscapeLeft UIInterfaceOrientationLandscapeRight";
				LD_RUNPATH_SEARCH_PATHS = (
					"$(inherited)",
					"@executable_path/Frameworks",
				);
				MARKETING_VERSION = 1.0;
				PRODUCT_BUNDLE_IDENTIFIER = xrds.swiftuicameraexample;
				PRODUCT_NAME = "$(TARGET_NAME)";
				SWIFT_EMIT_LOC_STRINGS = YES;
				SWIFT_VERSION = 5.0;
				TARGETED_DEVICE_FAMILY = "1,2";
			};
			name = Release;
		};
		85821E8D29C36E3D0095B42E /* Debug */ = {
			isa = XCBuildConfiguration;
			buildSettings = {
				ALWAYS_EMBED_SWIFT_STANDARD_LIBRARIES = YES;
				BUNDLE_LOADER = "$(TEST_HOST)";
				CODE_SIGN_STYLE = Automatic;
				CURRENT_PROJECT_VERSION = 1;
				GENERATE_INFOPLIST_FILE = YES;
				IPHONEOS_DEPLOYMENT_TARGET = 16.2;
				MARKETING_VERSION = 1.0;
				PRODUCT_BUNDLE_IDENTIFIER = xrds.swiftuicameraexampleTests;
				PRODUCT_NAME = "$(TARGET_NAME)";
				SWIFT_EMIT_LOC_STRINGS = NO;
				SWIFT_VERSION = 5.0;
				TARGETED_DEVICE_FAMILY = "1,2";
				TEST_HOST = "$(BUILT_PRODUCTS_DIR)/swiftuicameraexample.app/$(BUNDLE_EXECUTABLE_FOLDER_PATH)/swiftuicameraexample";
			};
			name = Debug;
		};
		85821E8E29C36E3D0095B42E /* Release */ = {
			isa = XCBuildConfiguration;
			buildSettings = {
				ALWAYS_EMBED_SWIFT_STANDARD_LIBRARIES = YES;
				BUNDLE_LOADER = "$(TEST_HOST)";
				CODE_SIGN_STYLE = Automatic;
				CURRENT_PROJECT_VERSION = 1;
				GENERATE_INFOPLIST_FILE = YES;
				IPHONEOS_DEPLOYMENT_TARGET = 16.2;
				MARKETING_VERSION = 1.0;
				PRODUCT_BUNDLE_IDENTIFIER = xrds.swiftuicameraexampleTests;
				PRODUCT_NAME = "$(TARGET_NAME)";
				SWIFT_EMIT_LOC_STRINGS = NO;
				SWIFT_VERSION = 5.0;
				TARGETED_DEVICE_FAMILY = "1,2";
				TEST_HOST = "$(BUILT_PRODUCTS_DIR)/swiftuicameraexample.app/$(BUNDLE_EXECUTABLE_FOLDER_PATH)/swiftuicameraexample";
			};
			name = Release;
		};
		85821E9029C36E3D0095B42E /* Debug */ = {
			isa = XCBuildConfiguration;
			buildSettings = {
				ALWAYS_EMBED_SWIFT_STANDARD_LIBRARIES = YES;
				CODE_SIGN_STYLE = Automatic;
				CURRENT_PROJECT_VERSION = 1;
				GENERATE_INFOPLIST_FILE = YES;
				MARKETING_VERSION = 1.0;
				PRODUCT_BUNDLE_IDENTIFIER = xrds.swiftuicameraexampleUITests;
				PRODUCT_NAME = "$(TARGET_NAME)";
				SWIFT_EMIT_LOC_STRINGS = NO;
				SWIFT_VERSION = 5.0;
				TARGETED_DEVICE_FAMILY = "1,2";
				TEST_TARGET_NAME = swiftuicameraexample;
			};
			name = Debug;
		};
		85821E9129C36E3D0095B42E /* Release */ = {
			isa = XCBuildConfiguration;
			buildSettings = {
				ALWAYS_EMBED_SWIFT_STANDARD_LIBRARIES = YES;
				CODE_SIGN_STYLE = Automatic;
				CURRENT_PROJECT_VERSION = 1;
				GENERATE_INFOPLIST_FILE = YES;
				MARKETING_VERSION = 1.0;
				PRODUCT_BUNDLE_IDENTIFIER = xrds.swiftuicameraexampleUITests;
				PRODUCT_NAME = "$(TARGET_NAME)";
				SWIFT_EMIT_LOC_STRINGS = NO;
				SWIFT_VERSION = 5.0;
				TARGETED_DEVICE_FAMILY = "1,2";
				TEST_TARGET_NAME = swiftuicameraexample;
			};
			name = Release;
		};
/* End XCBuildConfiguration section */

/* Begin XCConfigurationList section */
		85821E6029C36E3C0095B42E /* Build configuration list for PBXProject "swiftuicameraexample" */ = {
			isa = XCConfigurationList;
			buildConfigurations = (
				85821E8729C36E3D0095B42E /* Debug */,
				85821E8829C36E3D0095B42E /* Release */,
			);
			defaultConfigurationIsVisible = 0;
			defaultConfigurationName = Release;
		};
		85821E8929C36E3D0095B42E /* Build configuration list for PBXNativeTarget "swiftuicameraexample" */ = {
			isa = XCConfigurationList;
			buildConfigurations = (
				85821E8A29C36E3D0095B42E /* Debug */,
				85821E8B29C36E3D0095B42E /* Release */,
			);
			defaultConfigurationIsVisible = 0;
			defaultConfigurationName = Release;
		};
		85821E8C29C36E3D0095B42E /* Build configuration list for PBXNativeTarget "swiftuicameraexampleTests" */ = {
			isa = XCConfigurationList;
			buildConfigurations = (
				85821E8D29C36E3D0095B42E /* Debug */,
				85821E8E29C36E3D0095B42E /* Release */,
			);
			defaultConfigurationIsVisible = 0;
			defaultConfigurationName = Release;
		};
		85821E8F29C36E3D0095B42E /* Build configuration list for PBXNativeTarget "swiftuicameraexampleUITests" */ = {
			isa = XCConfigurationList;
			buildConfigurations = (
				85821E9029C36E3D0095B42E /* Debug */,
				85821E9129C36E3D0095B42E /* Release */,
			);
			defaultConfigurationIsVisible = 0;
			defaultConfigurationName = Release;
		};
/* End XCConfigurationList section */
	};
	rootObject = 85821E5D29C36E3C0095B42E /* Project object */;
}
